
Microsoft Visual Studio Solution File, Format Version 12.00
# Visual Studio Version 16
VisualStudioVersion = 16.0.31129.286
MinimumVisualStudioVersion = 10.0.40219.1
Project("{FAE04EC0-301F-11D3-BF4B-00C04F79EFBC}") = "ProductCatalog1", "ProductCatalog1\ProductCatalog1.csproj", "{8AB32E75-5905-4C2A-B099-5A70DBE69753}"
EndProject
Project("{FAE04EC0-301F-11D3-BF4B-00C04F79EFBC}") = "ProductLibrary", "ProductLibrary\ProductLibrary.csproj", "{DF6B2888-BC64-47D2-912A-CF9AF65E3162}"
EndProject
Project("{FAE04EC0-301F-11D3-BF4B-00C04F79EFBC}") = "CategoryLibrary", "CategoryLiberary\CategoryLibrary.csproj", "{63AF15CF-6619-4DC3-89B6-B4C76ED9332D}"
EndProject
Global
	GlobalSection(SolutionConfigurationPlatforms) = preSolution
		Debug|Any CPU = Debug|Any CPU
		Release|Any CPU = Release|Any CPU
	EndGlobalSection
	GlobalSection(ProjectConfigurationPlatforms) = postSolution
		{8AB32E75-5905-4C2A-B099-5A70DBE69753}.Debug|Any CPU.ActiveCfg = Debug|Any CPU
		{8AB32E75-5905-4C2A-B099-5A70DBE69753}.Debug|Any CPU.Build.0 = Debug|Any CPU
		{8AB32E75-5905-4C2A-B099-5A70DBE69753}.Release|Any CPU.ActiveCfg = Release|Any CPU
		{8AB32E75-5905-4C2A-B099-5A70DBE69753}.Release|Any CPU.Build.0 = Release|Any CPU
		{DF6B2888-BC64-47D2-912A-CF9AF65E3162}.Debug|Any CPU.ActiveCfg = Debug|Any CPU
		{DF6B2888-BC64-47D2-912A-CF9AF65E3162}.Debug|Any CPU.Build.0 = Debug|Any CPU
		{DF6B2888-BC64-47D2-912A-CF9AF65E3162}.Release|Any CPU.ActiveCfg = Release|Any CPU
		{DF6B2888-BC64-47D2-912A-CF9AF65E3162}.Release|Any CPU.Build.0 = Release|Any CPU
		{63AF15CF-6619-4DC3-89B6-B4C76ED9332D}.Debug|Any CPU.ActiveCfg = Debug|Any CPU
		{63AF15CF-6619-4DC3-89B6-B4C76ED9332D}.Debug|Any CPU.Build.0 = Debug|Any CPU
		{63AF15CF-6619-4DC3-89B6-B4C76ED9332D}.Release|Any CPU.ActiveCfg = Release|Any CPU
		{63AF15CF-6619-4DC3-89B6-B4C76ED9332D}.Release|Any CPU.Build.0 = Release|Any CPU
	EndGlobalSection
	GlobalSection(SolutionProperties) = preSolution
		HideSolutionNode = FALSE
	EndGlobalSection
	GlobalSection(ExtensibilityGlobals) = postSolution
		SolutionGuid = {7749499F-A3F1-41B6-B791-96F9BC8D06F5}
	EndGlobalSection
EndGlobal
